// !$*UTF8*$!
{
	archiveVersion = 1;
	classes = {
	};
	objectVersion = 55;
	objects = {

/* Begin PBXBuildFile section */
		D450083F27D3A54D00ECA821 /* AppDelegate.swift in Sources */ = {isa = PBXBuildFile; fileRef = D450083E27D3A54D00ECA821 /* AppDelegate.swift */; };
		D450084127D3A54D00ECA821 /* SceneDelegate.swift in Sources */ = {isa = PBXBuildFile; fileRef = D450084027D3A54D00ECA821 /* SceneDelegate.swift */; };
		D450084327D3A54D00ECA821 /* ViewController.swift in Sources */ = {isa = PBXBuildFile; fileRef = D450084227D3A54D00ECA821 /* ViewController.swift */; };
		D450084627D3A54D00ECA821 /* Main.storyboard in Resources */ = {isa = PBXBuildFile; fileRef = D450084427D3A54D00ECA821 /* Main.storyboard */; };
		D450084827D3A54E00ECA821 /* Assets.xcassets in Resources */ = {isa = PBXBuildFile; fileRef = D450084727D3A54E00ECA821 /* Assets.xcassets */; };
		D450084B27D3A54E00ECA821 /* LaunchScreen.storyboard in Resources */ = {isa = PBXBuildFile; fileRef = D450084927D3A54E00ECA821 /* LaunchScreen.storyboard */; };
		D450085627D3A54E00ECA821 /* calculatorUIKitTests.swift in Sources */ = {isa = PBXBuildFile; fileRef = D450085527D3A54E00ECA821 /* calculatorUIKitTests.swift */; };
		D450086027D3A54E00ECA821 /* calculatorUIKitUITests.swift in Sources */ = {isa = PBXBuildFile; fileRef = D450085F27D3A54E00ECA821 /* calculatorUIKitUITests.swift */; };
		D450086227D3A54E00ECA821 /* calculatorUIKitUITestsLaunchTests.swift in Sources */ = {isa = PBXBuildFile; fileRef = D450086127D3A54E00ECA821 /* calculatorUIKitUITestsLaunchTests.swift */; };
/* End PBXBuildFile section */

/* Begin PBXContainerItemProxy section */
		D450085227D3A54E00ECA821 /* PBXContainerItemProxy */ = {
			isa = PBXContainerItemProxy;
			containerPortal = D450083327D3A54D00ECA821 /* Project object */;
			proxyType = 1;
			remoteGlobalIDString = D450083A27D3A54D00ECA821;
			remoteInfo = calculatorUIKit;
		};
		D450085C27D3A54E00ECA821 /* PBXContainerItemProxy */ = {
			isa = PBXContainerItemProxy;
			containerPortal = D450083327D3A54D00ECA821 /* Project object */;
			proxyType = 1;
			remoteGlobalIDString = D450083A27D3A54D00ECA821;
			remoteInfo = calculatorUIKit;
		};
/* End PBXContainerItemProxy section */

/* Begin PBXFileReference section */
		D450083B27D3A54D00ECA821 /* calculatorUIKit.app */ = {isa = PBXFileReference; explicitFileType = wrapper.application; includeInIndex = 0; path = calculatorUIKit.app; sourceTree = BUILT_PRODUCTS_DIR; };
		D450083E27D3A54D00ECA821 /* AppDelegate.swift */ = {isa = PBXFileReference; lastKnownFileType = sourcecode.swift; path = AppDelegate.swift; sourceTree = "<group>"; };
		D450084027D3A54D00ECA821 /* SceneDelegate.swift */ = {isa = PBXFileReference; lastKnownFileType = sourcecode.swift; path = SceneDelegate.swift; sourceTree = "<group>"; };
		D450084227D3A54D00ECA821 /* ViewController.swift */ = {isa = PBXFileReference; lastKnownFileType = sourcecode.swift; path = ViewController.swift; sourceTree = "<group>"; };
		D450084527D3A54D00ECA821 /* Base */ = {isa = PBXFileReference; lastKnownFileType = file.storyboard; name = Base; path = Base.lproj/Main.storyboard; sourceTree = "<group>"; };
		D450084727D3A54E00ECA821 /* Assets.xcassets */ = {isa = PBXFileReference; lastKnownFileType = folder.assetcatalog; path = Assets.xcassets; sourceTree = "<group>"; };
		D450084A27D3A54E00ECA821 /* Base */ = {isa = PBXFileReference; lastKnownFileType = file.storyboard; name = Base; path = Base.lproj/LaunchScreen.storyboard; sourceTree = "<group>"; };
		D450084C27D3A54E00ECA821 /* Info.plist */ = {isa = PBXFileReference; lastKnownFileType = text.plist.xml; path = Info.plist; sourceTree = "<group>"; };
		D450085127D3A54E00ECA821 /* calculatorUIKitTests.xctest */ = {isa = PBXFileReference; explicitFileType = wrapper.cfbundle; includeInIndex = 0; path = calculatorUIKitTests.xctest; sourceTree = BUILT_PRODUCTS_DIR; };
		D450085527D3A54E00ECA821 /* calculatorUIKitTests.swift */ = {isa = PBXFileReference; lastKnownFileType = sourcecode.swift; path = calculatorUIKitTests.swift; sourceTree = "<group>"; };
		D450085B27D3A54E00ECA821 /* calculatorUIKitUITests.xctest */ = {isa = PBXFileReference; explicitFileType = wrapper.cfbundle; includeInIndex = 0; path = calculatorUIKitUITests.xctest; sourceTree = BUILT_PRODUCTS_DIR; };
		D450085F27D3A54E00ECA821 /* calculatorUIKitUITests.swift */ = {isa = PBXFileReference; lastKnownFileType = sourcecode.swift; path = calculatorUIKitUITests.swift; sourceTree = "<group>"; };
		D450086127D3A54E00ECA821 /* calculatorUIKitUITestsLaunchTests.swift */ = {isa = PBXFileReference; lastKnownFileType = sourcecode.swift; path = calculatorUIKitUITestsLaunchTests.swift; sourceTree = "<group>"; };
/* End PBXFileReference section */

/* Begin PBXFrameworksBuildPhase section */
		D450083827D3A54D00ECA821 /* Frameworks */ = {
			isa = PBXFrameworksBuildPhase;
			buildActionMask = 2147483647;
			files = (
			);
			runOnlyForDeploymentPostprocessing = 0;
		};
		D450084E27D3A54E00ECA821 /* Frameworks */ = {
			isa = PBXFrameworksBuildPhase;
			buildActionMask = 2147483647;
			files = (
			);
			runOnlyForDeploymentPostprocessing = 0;
		};
		D450085827D3A54E00ECA821 /* Frameworks */ = {
			isa = PBXFrameworksBuildPhase;
			buildActionMask = 2147483647;
			files = (
			);
			runOnlyForDeploymentPostprocessing = 0;
		};
/* End PBXFrameworksBuildPhase section */

/* Begin PBXGroup section */
		D450083227D3A54D00ECA821 = {
			isa = PBXGroup;
			children = (
				D450083D27D3A54D00ECA821 /* calculatorUIKit */,
				D450085427D3A54E00ECA821 /* calculatorUIKitTests */,
				D450085E27D3A54E00ECA821 /* calculatorUIKitUITests */,
				D450083C27D3A54D00ECA821 /* Products */,
			);
			sourceTree = "<group>";
		};
		D450083C27D3A54D00ECA821 /* Products */ = {
			isa = PBXGroup;
			children = (
				D450083B27D3A54D00ECA821 /* calculatorUIKit.app */,
				D450085127D3A54E00ECA821 /* calculatorUIKitTests.xctest */,
				D450085B27D3A54E00ECA821 /* calculatorUIKitUITests.xctest */,
			);
			name = Products;
			sourceTree = "<group>";
		};
		D450083D27D3A54D00ECA821 /* calculatorUIKit */ = {
			isa = PBXGroup;
			children = (
				D450083E27D3A54D00ECA821 /* AppDelegate.swift */,
				D450084027D3A54D00ECA821 /* SceneDelegate.swift */,
				D450084227D3A54D00ECA821 /* ViewController.swift */,
				D450084427D3A54D00ECA821 /* Main.storyboard */,
				D450084727D3A54E00ECA821 /* Assets.xcassets */,
				D450084927D3A54E00ECA821 /* LaunchScreen.storyboard */,
				D450084C27D3A54E00ECA821 /* Info.plist */,
			);
			path = calculatorUIKit;
			sourceTree = "<group>";
		};
		D450085427D3A54E00ECA821 /* calculatorUIKitTests */ = {
			isa = PBXGroup;
			children = (
				D450085527D3A54E00ECA821 /* calculatorUIKitTests.swift */,
			);
			path = calculatorUIKitTests;
			sourceTree = "<group>";
		};
		D450085E27D3A54E00ECA821 /* calculatorUIKitUITests */ = {
			isa = PBXGroup;
			children = (
				D450085F27D3A54E00ECA821 /* calculatorUIKitUITests.swift */,
				D450086127D3A54E00ECA821 /* calculatorUIKitUITestsLaunchTests.swift */,
			);
			path = calculatorUIKitUITests;
			sourceTree = "<group>";
		};
/* End PBXGroup section */

/* Begin PBXNativeTarget section */
		D450083A27D3A54D00ECA821 /* calculatorUIKit */ = {
			isa = PBXNativeTarget;
			buildConfigurationList = D450086527D3A54E00ECA821 /* Build configuration list for PBXNativeTarget "calculatorUIKit" */;
			buildPhases = (
				D450083727D3A54D00ECA821 /* Sources */,
				D450083827D3A54D00ECA821 /* Frameworks */,
				D450083927D3A54D00ECA821 /* Resources */,
			);
			buildRules = (
			);
			dependencies = (
			);
			name = calculatorUIKit;
			productName = calculatorUIKit;
			productReference = D450083B27D3A54D00ECA821 /* calculatorUIKit.app */;
			productType = "com.apple.product-type.application";
		};
		D450085027D3A54E00ECA821 /* calculatorUIKitTests */ = {
			isa = PBXNativeTarget;
			buildConfigurationList = D450086827D3A54E00ECA821 /* Build configuration list for PBXNativeTarget "calculatorUIKitTests" */;
			buildPhases = (
				D450084D27D3A54E00ECA821 /* Sources */,
				D450084E27D3A54E00ECA821 /* Frameworks */,
				D450084F27D3A54E00ECA821 /* Resources */,
			);
			buildRules = (
			);
			dependencies = (
				D450085327D3A54E00ECA821 /* PBXTargetDependency */,
			);
			name = calculatorUIKitTests;
			productName = calculatorUIKitTests;
			productReference = D450085127D3A54E00ECA821 /* calculatorUIKitTests.xctest */;
			productType = "com.apple.product-type.bundle.unit-test";
		};
		D450085A27D3A54E00ECA821 /* calculatorUIKitUITests */ = {
			isa = PBXNativeTarget;
			buildConfigurationList = D450086B27D3A54E00ECA821 /* Build configuration list for PBXNativeTarget "calculatorUIKitUITests" */;
			buildPhases = (
				D450085727D3A54E00ECA821 /* Sources */,
				D450085827D3A54E00ECA821 /* Frameworks */,
				D450085927D3A54E00ECA821 /* Resources */,
			);
			buildRules = (
			);
			dependencies = (
				D450085D27D3A54E00ECA821 /* PBXTargetDependency */,
			);
			name = calculatorUIKitUITests;
			productName = calculatorUIKitUITests;
			productReference = D450085B27D3A54E00ECA821 /* calculatorUIKitUITests.xctest */;
			productType = "com.apple.product-type.bundle.ui-testing";
		};
/* End PBXNativeTarget section */

/* Begin PBXProject section */
		D450083327D3A54D00ECA821 /* Project object */ = {
			isa = PBXProject;
			attributes = {
				BuildIndependentTargetsInParallel = 1;
				LastSwiftUpdateCheck = 1320;
				LastUpgradeCheck = 1320;
				TargetAttributes = {
					D450083A27D3A54D00ECA821 = {
						CreatedOnToolsVersion = 13.2.1;
					};
					D450085027D3A54E00ECA821 = {
						CreatedOnToolsVersion = 13.2.1;
						TestTargetID = D450083A27D3A54D00ECA821;
					};
					D450085A27D3A54E00ECA821 = {
						CreatedOnToolsVersion = 13.2.1;
						TestTargetID = D450083A27D3A54D00ECA821;
					};
				};
			};
			buildConfigurationList = D450083627D3A54D00ECA821 /* Build configuration list for PBXProject "calculatorUIKit" */;
			compatibilityVersion = "Xcode 13.0";
			developmentRegion = en;
			hasScannedForEncodings = 0;
			knownRegions = (
				en,
				Base,
			);
			mainGroup = D450083227D3A54D00ECA821;
			productRefGroup = D450083C27D3A54D00ECA821 /* Products */;
			projectDirPath = "";
			projectRoot = "";
			targets = (
				D450083A27D3A54D00ECA821 /* calculatorUIKit */,
				D450085027D3A54E00ECA821 /* calculatorUIKitTests */,
				D450085A27D3A54E00ECA821 /* calculatorUIKitUITests */,
			);
		};
/* End PBXProject section */

/* Begin PBXResourcesBuildPhase section */
		D450083927D3A54D00ECA821 /* Resources */ = {
			isa = PBXResourcesBuildPhase;
			buildActionMask = 2147483647;
			files = (
				D450084B27D3A54E00ECA821 /* LaunchScreen.storyboard in Resources */,
				D450084827D3A54E00ECA821 /* Assets.xcassets in Resources */,
				D450084627D3A54D00ECA821 /* Main.storyboard in Resources */,
			);
			runOnlyForDeploymentPostprocessing = 0;
		};
		D450084F27D3A54E00ECA821 /* Resources */ = {
			isa = PBXResourcesBuildPhase;
			buildActionMask = 2147483647;
			files = (
			);
			runOnlyForDeploymentPostprocessing = 0;
		};
		D450085927D3A54E00ECA821 /* Resources */ = {
			isa = PBXResourcesBuildPhase;
			buildActionMask = 2147483647;
			files = (
			);
			runOnlyForDeploymentPostprocessing = 0;
		};
/* End PBXResourcesBuildPhase section */

/* Begin PBXSourcesBuildPhase section */
		D450083727D3A54D00ECA821 /* Sources */ = {
			isa = PBXSourcesBuildPhase;
			buildActionMask = 2147483647;
			files = (
				D450084327D3A54D00ECA821 /* ViewController.swift in Sources */,
				D450083F27D3A54D00ECA821 /* AppDelegate.swift in Sources */,
				D450084127D3A54D00ECA821 /* SceneDelegate.swift in Sources */,
			);
			runOnlyForDeploymentPostprocessing = 0;
		};
		D450084D27D3A54E00ECA821 /* Sources */ = {
			isa = PBXSourcesBuildPhase;
			buildActionMask = 2147483647;
			files = (
				D450085627D3A54E00ECA821 /* calculatorUIKitTests.swift in Sources */,
			);
			runOnlyForDeploymentPostprocessing = 0;
		};
		D450085727D3A54E00ECA821 /* Sources */ = {
			isa = PBXSourcesBuildPhase;
			buildActionMask = 2147483647;
			files = (
				D450086027D3A54E00ECA821 /* calculatorUIKitUITests.swift in Sources */,
				D450086227D3A54E00ECA821 /* calculatorUIKitUITestsLaunchTests.swift in Sources */,
			);
			runOnlyForDeploymentPostprocessing = 0;
		};
/* End PBXSourcesBuildPhase section */

/* Begin PBXTargetDependency section */
		D450085327D3A54E00ECA821 /* PBXTargetDependency */ = {
			isa = PBXTargetDependency;
			target = D450083A27D3A54D00ECA821 /* calculatorUIKit */;
			targetProxy = D450085227D3A54E00ECA821 /* PBXContainerItemProxy */;
		};
		D450085D27D3A54E00ECA821 /* PBXTargetDependency */ = {
			isa = PBXTargetDependency;
			target = D450083A27D3A54D00ECA821 /* calculatorUIKit */;
			targetProxy = D450085C27D3A54E00ECA821 /* PBXContainerItemProxy */;
		};
/* End PBXTargetDependency section */

/* Begin PBXVariantGroup section */
		D450084427D3A54D00ECA821 /* Main.storyboard */ = {
			isa = PBXVariantGroup;
			children = (
				D450084527D3A54D00ECA821 /* Base */,
			);
			name = Main.storyboard;
			sourceTree = "<group>";
		};
		D450084927D3A54E00ECA821 /* LaunchScreen.storyboard */ = {
			isa = PBXVariantGroup;
			children = (
				D450084A27D3A54E00ECA821 /* Base */,
			);
			name = LaunchScreen.storyboard;
			sourceTree = "<group>";
		};
/* End PBXVariantGroup section */

/* Begin XCBuildConfiguration section */
		D450086327D3A54E00ECA821 /* Debug */ = {
			isa = XCBuildConfiguration;
			buildSettings = {
				ALWAYS_SEARCH_USER_PATHS = NO;
				CLANG_ANALYZER_NONNULL = YES;
				CLANG_ANALYZER_NUMBER_OBJECT_CONVERSION = YES_AGGRESSIVE;
				CLANG_CXX_LANGUAGE_STANDARD = "gnu++17";
				CLANG_CXX_LIBRARY = "libc++";
				CLANG_ENABLE_MODULES = YES;
				CLANG_ENABLE_OBJC_ARC = YES;
				CLANG_ENABLE_OBJC_WEAK = YES;
				CLANG_WARN_BLOCK_CAPTURE_AUTORELEASING = YES;
				CLANG_WARN_BOOL_CONVERSION = YES;
				CLANG_WARN_COMMA = YES;
				CLANG_WARN_CONSTANT_CONVERSION = YES;
				CLANG_WARN_DEPRECATED_OBJC_IMPLEMENTATIONS = YES;
				CLANG_WARN_DIRECT_OBJC_ISA_USAGE = YES_ERROR;
				CLANG_WARN_DOCUMENTATION_COMMENTS = YES;
				CLANG_WARN_EMPTY_BODY = YES;
				CLANG_WARN_ENUM_CONVERSION = YES;
				CLANG_WARN_INFINITE_RECURSION = YES;
				CLANG_WARN_INT_CONVERSION = YES;
				CLANG_WARN_NON_LITERAL_NULL_CONVERSION = YES;
				CLANG_WARN_OBJC_IMPLICIT_RETAIN_SELF = YES;
				CLANG_WARN_OBJC_LITERAL_CONVERSION = YES;
				CLANG_WARN_OBJC_ROOT_CLASS = YES_ERROR;
				CLANG_WARN_QUOTED_INCLUDE_IN_FRAMEWORK_HEADER = YES;
				CLANG_WARN_RANGE_LOOP_ANALYSIS = YES;
				CLANG_WARN_STRICT_PROTOTYPES = YES;
				CLANG_WARN_SUSPICIOUS_MOVE = YES;
				CLANG_WARN_UNGUARDED_AVAILABILITY = YES_AGGRESSIVE;
				CLANG_WARN_UNREACHABLE_CODE = YES;
				CLANG_WARN__DUPLICATE_METHOD_MATCH = YES;
				COPY_PHASE_STRIP = NO;
				DEBUG_INFORMATION_FORMAT = dwarf;
				ENABLE_STRICT_OBJC_MSGSEND = YES;
				ENABLE_TESTABILITY = YES;
				GCC_C_LANGUAGE_STANDARD = gnu11;
				GCC_DYNAMIC_NO_PIC = NO;
				GCC_NO_COMMON_BLOCKS = YES;
				GCC_OPTIMIZATION_LEVEL = 0;
				GCC_PREPROCESSOR_DEFINITIONS = (
					"DEBUG=1",
					"$(inherited)",
				);
				GCC_WARN_64_TO_32_BIT_CONVERSION = YES;
				GCC_WARN_ABOUT_RETURN_TYPE = YES_ERROR;
				GCC_WARN_UNDECLARED_SELECTOR = YES;
				GCC_WARN_UNINITIALIZED_AUTOS = YES_AGGRESSIVE;
				GCC_WARN_UNUSED_FUNCTION = YES;
				GCC_WARN_UNUSED_VARIABLE = YES;
				IPHONEOS_DEPLOYMENT_TARGET = 15.2;
				MTL_ENABLE_DEBUG_INFO = INCLUDE_SOURCE;
				MTL_FAST_MATH = YES;
				ONLY_ACTIVE_ARCH = YES;
				SDKROOT = iphoneos;
				SWIFT_ACTIVE_COMPILATION_CONDITIONS = DEBUG;
				SWIFT_OPTIMIZATION_LEVEL = "-Onone";
			};
			name = Debug;
		};
		D450086427D3A54E00ECA821 /* Release */ = {
			isa = XCBuildConfiguration;
			buildSettings = {
				ALWAYS_SEARCH_USER_PATHS = NO;
				CLANG_ANALYZER_NONNULL = YES;
				CLANG_ANALYZER_NUMBER_OBJECT_CONVERSION = YES_AGGRESSIVE;
				CLANG_CXX_LANGUAGE_STANDARD = "gnu++17";
				CLANG_CXX_LIBRARY = "libc++";
				CLANG_ENABLE_MODULES = YES;
				CLANG_ENABLE_OBJC_ARC = YES;
				CLANG_ENABLE_OBJC_WEAK = YES;
				CLANG_WARN_BLOCK_CAPTURE_AUTORELEASING = YES;
				CLANG_WARN_BOOL_CONVERSION = YES;
				CLANG_WARN_COMMA = YES;
				CLANG_WARN_CONSTANT_CONVERSION = YES;
				CLANG_WARN_DEPRECATED_OBJC_IMPLEMENTATIONS = YES;
				CLANG_WARN_DIRECT_OBJC_ISA_USAGE = YES_ERROR;
				CLANG_WARN_DOCUMENTATION_COMMENTS = YES;
				CLANG_WARN_EMPTY_BODY = YES;
				CLANG_WARN_ENUM_CONVERSION = YES;
				CLANG_WARN_INFINITE_RECURSION = YES;
				CLANG_WARN_INT_CONVERSION = YES;
				CLANG_WARN_NON_LITERAL_NULL_CONVERSION = YES;
				CLANG_WARN_OBJC_IMPLICIT_RETAIN_SELF = YES;
				CLANG_WARN_OBJC_LITERAL_CONVERSION = YES;
				CLANG_WARN_OBJC_ROOT_CLASS = YES_ERROR;
				CLANG_WARN_QUOTED_INCLUDE_IN_FRAMEWORK_HEADER = YES;
				CLANG_WARN_RANGE_LOOP_ANALYSIS = YES;
				CLANG_WARN_STRICT_PROTOTYPES = YES;
				CLANG_WARN_SUSPICIOUS_MOVE = YES;
				CLANG_WARN_UNGUARDED_AVAILABILITY = YES_AGGRESSIVE;
				CLANG_WARN_UNREACHABLE_CODE = YES;
				CLANG_WARN__DUPLICATE_METHOD_MATCH = YES;
				COPY_PHASE_STRIP = NO;
				DEBUG_INFORMATION_FORMAT = "dwarf-with-dsym";
				ENABLE_NS_ASSERTIONS = NO;
				ENABLE_STRICT_OBJC_MSGSEND = YES;
				GCC_C_LANGUAGE_STANDARD = gnu11;
				GCC_NO_COMMON_BLOCKS = YES;
				GCC_WARN_64_TO_32_BIT_CONVERSION = YES;
				GCC_WARN_ABOUT_RETURN_TYPE = YES_ERROR;
				GCC_WARN_UNDECLARED_SELECTOR = YES;
				GCC_WARN_UNINITIALIZED_AUTOS = YES_AGGRESSIVE;
				GCC_WARN_UNUSED_FUNCTION = YES;
				GCC_WARN_UNUSED_VARIABLE = YES;
				IPHONEOS_DEPLOYMENT_TARGET = 15.2;
				MTL_ENABLE_DEBUG_INFO = NO;
				MTL_FAST_MATH = YES;
				SDKROOT = iphoneos;
				SWIFT_COMPILATION_MODE = wholemodule;
				SWIFT_OPTIMIZATION_LEVEL = "-O";
				VALIDATE_PRODUCT = YES;
			};
			name = Release;
		};
		D450086627D3A54E00ECA821 /* Debug */ = {
			isa = XCBuildConfiguration;
			buildSettings = {
				ASSETCATALOG_COMPILER_APPICON_NAME = AppIcon;
				ASSETCATALOG_COMPILER_GLOBAL_ACCENT_COLOR_NAME = AccentColor;
				CODE_SIGN_STYLE = Automatic;
				CURRENT_PROJECT_VERSION = 1;
				DEVELOPMENT_TEAM = BXN68GZ49T;
				GENERATE_INFOPLIST_FILE = YES;
				INFOPLIST_FILE = calculatorUIKit/Info.plist;
				INFOPLIST_KEY_UIApplicationSupportsIndirectInputEvents = YES;
				INFOPLIST_KEY_UILaunchStoryboardName = LaunchScreen;
				INFOPLIST_KEY_UIMainStoryboardFile = Main;
				INFOPLIST_KEY_UISupportedInterfaceOrientations_iPad = "UIInterfaceOrientationPortrait UIInterfaceOrientationPortraitUpsideDown UIInterfaceOrientationLandscapeLeft UIInterfaceOrientationLandscapeRight";
				INFOPLIST_KEY_UISupportedInterfaceOrientations_iPhone = "UIInterfaceOrientationPortrait UIInterfaceOrientationLandscapeLeft UIInterfaceOrientationLandscapeRight";
				LD_RUNPATH_SEARCH_PATHS = (
					"$(inherited)",
					"@executable_path/Frameworks",
				);
				MARKETING_VERSION = 1.0;
				PRODUCT_BUNDLE_IDENTIFIER = com.it.mac.calculatorUIKit;
				PRODUCT_NAME = "$(TARGET_NAME)";
				SWIFT_EMIT_LOC_STRINGS = YES;
				SWIFT_VERSION = 5.0;
				TARGETED_DEVICE_FAMILY = "1,2";
			};
			name = Debug;
		};
		D450086727D3A54E00ECA821 /* Release */ = {
			isa = XCBuildConfiguration;
			buildSettings = {
				ASSETCATALOG_COMPILER_APPICON_NAME = AppIcon;
				ASSETCATALOG_COMPILER_GLOBAL_ACCENT_COLOR_NAME = AccentColor;
				CODE_SIGN_STYLE = Automatic;
				CURRENT_PROJECT_VERSION = 1;
				DEVELOPMENT_TEAM = BXN68GZ49T;
				GENERATE_INFOPLIST_FILE = YES;
				INFOPLIST_FILE = calculatorUIKit/Info.plist;
				INFOPLIST_KEY_UIApplicationSupportsIndirectInputEvents = YES;
				INFOPLIST_KEY_UILaunchStoryboardName = LaunchScreen;
				INFOPLIST_KEY_UIMainStoryboardFile = Main;
				INFOPLIST_KEY_UISupportedInterfaceOrientations_iPad = "UIInterfaceOrientationPortrait UIInterfaceOrientationPortraitUpsideDown UIInterfaceOrientationLandscapeLeft UIInterfaceOrientationLandscapeRight";
				INFOPLIST_KEY_UISupportedInterfaceOrientations_iPhone = "UIInterfaceOrientationPortrait UIInterfaceOrientationLandscapeLeft UIInterfaceOrientationLandscapeRight";
				LD_RUNPATH_SEARCH_PATHS = (
					"$(inherited)",
					"@executable_path/Frameworks",
				);
				MARKETING_VERSION = 1.0;
				PRODUCT_BUNDLE_IDENTIFIER = com.it.mac.calculatorUIKit;
				PRODUCT_NAME = "$(TARGET_NAME)";
				SWIFT_EMIT_LOC_STRINGS = YES;
				SWIFT_VERSION = 5.0;
				TARGETED_DEVICE_FAMILY = "1,2";
			};
			name = Release;
		};
		D450086927D3A54E00ECA821 /* Debug */ = {
			isa = XCBuildConfiguration;
			buildSettings = {
				ALWAYS_EMBED_SWIFT_STANDARD_LIBRARIES = YES;
				BUNDLE_LOADER = "$(TEST_HOST)";
				CODE_SIGN_STYLE = Automatic;
				CURRENT_PROJECT_VERSION = 1;
				DEVELOPMENT_TEAM = BXN68GZ49T;
				GENERATE_INFOPLIST_FILE = YES;
				IPHONEOS_DEPLOYMENT_TARGET = 15.2;
				MARKETING_VERSION = 1.0;
				PRODUCT_BUNDLE_IDENTIFIER = com.it.mac.calculatorUIKitTests;
				PRODUCT_NAME = "$(TARGET_NAME)";
				SWIFT_EMIT_LOC_STRINGS = NO;
				SWIFT_VERSION = 5.0;
				TARGETED_DEVICE_FAMILY = "1,2";
				TEST_HOST = "$(BUILT_PRODUCTS_DIR)/calculatorUIKit.app/calculatorUIKit";
			};
			name = Debug;
		};
		D450086A27D3A54E00ECA821 /* Release */ = {
			isa = XCBuildConfiguration;
			buildSettings = {
				ALWAYS_EMBED_SWIFT_STANDARD_LIBRARIES = YES;
				BUNDLE_LOADER = "$(TEST_HOST)";
				CODE_SIGN_STYLE = Automatic;
				CURRENT_PROJECT_VERSION = 1;
				DEVELOPMENT_TEAM = BXN68GZ49T;
				GENERATE_INFOPLIST_FILE = YES;
				IPHONEOS_DEPLOYMENT_TARGET = 15.2;
				MARKETING_VERSION = 1.0;
				PRODUCT_BUNDLE_IDENTIFIER = com.it.mac.calculatorUIKitTests;
				PRODUCT_NAME = "$(TARGET_NAME)";
				SWIFT_EMIT_LOC_STRINGS = NO;
				SWIFT_VERSION = 5.0;
				TARGETED_DEVICE_FAMILY = "1,2";
				TEST_HOST = "$(BUILT_PRODUCTS_DIR)/calculatorUIKit.app/calculatorUIKit";
			};
			name = Release;
		};
		D450086C27D3A54E00ECA821 /* Debug */ = {
			isa = XCBuildConfiguration;
			buildSettings = {
				ALWAYS_EMBED_SWIFT_STANDARD_LIBRARIES = YES;
				CODE_SIGN_STYLE = Automatic;
				CURRENT_PROJECT_VERSION = 1;
				DEVELOPMENT_TEAM = BXN68GZ49T;
				GENERATE_INFOPLIST_FILE = YES;
				MARKETING_VERSION = 1.0;
				PRODUCT_BUNDLE_IDENTIFIER = com.it.mac.calculatorUIKitUITests;
				PRODUCT_NAME = "$(TARGET_NAME)";
				SWIFT_EMIT_LOC_STRINGS = NO;
				SWIFT_VERSION = 5.0;
				TARGETED_DEVICE_FAMILY = "1,2";
				TEST_TARGET_NAME = calculatorUIKit;
			};
			name = Debug;
		};
		D450086D27D3A54E00ECA821 /* Release */ = {
			isa = XCBuildConfiguration;
			buildSettings = {
				ALWAYS_EMBED_SWIFT_STANDARD_LIBRARIES = YES;
				CODE_SIGN_STYLE = Automatic;
				CURRENT_PROJECT_VERSION = 1;
				DEVELOPMENT_TEAM = BXN68GZ49T;
				GENERATE_INFOPLIST_FILE = YES;
				MARKETING_VERSION = 1.0;
				PRODUCT_BUNDLE_IDENTIFIER = com.it.mac.calculatorUIKitUITests;
				PRODUCT_NAME = "$(TARGET_NAME)";
				SWIFT_EMIT_LOC_STRINGS = NO;
				SWIFT_VERSION = 5.0;
				TARGETED_DEVICE_FAMILY = "1,2";
				TEST_TARGET_NAME = calculatorUIKit;
			};
			name = Release;
		};
/* End XCBuildConfiguration section */

/* Begin XCConfigurationList section */
		D450083627D3A54D00ECA821 /* Build configuration list for PBXProject "calculatorUIKit" */ = {
			isa = XCConfigurationList;
			buildConfigurations = (
				D450086327D3A54E00ECA821 /* Debug */,
				D450086427D3A54E00ECA821 /* Release */,
			);
			defaultConfigurationIsVisible = 0;
			defaultConfigurationName = Release;
		};
		D450086527D3A54E00ECA821 /* Build configuration list for PBXNativeTarget "calculatorUIKit" */ = {
			isa = XCConfigurationList;
			buildConfigurations = (
				D450086627D3A54E00ECA821 /* Debug */,
				D450086727D3A54E00ECA821 /* Release */,
			);
			defaultConfigurationIsVisible = 0;
			defaultConfigurationName = Release;
		};
		D450086827D3A54E00ECA821 /* Build configuration list for PBXNativeTarget "calculatorUIKitTests" */ = {
			isa = XCConfigurationList;
			buildConfigurations = (
				D450086927D3A54E00ECA821 /* Debug */,
				D450086A27D3A54E00ECA821 /* Release */,
			);
			defaultConfigurationIsVisible = 0;
			defaultConfigurationName = Release;
		};
		D450086B27D3A54E00ECA821 /* Build configuration list for PBXNativeTarget "calculatorUIKitUITests" */ = {
			isa = XCConfigurationList;
			buildConfigurations = (
				D450086C27D3A54E00ECA821 /* Debug */,
				D450086D27D3A54E00ECA821 /* Release */,
			);
			defaultConfigurationIsVisible = 0;
			defaultConfigurationName = Release;
		};
/* End XCConfigurationList section */
	};
	rootObject = D450083327D3A54D00ECA821 /* Project object */;
}
